{
  "name": "vlsm",
  "lockfileVersion": 2,
  "requires": true,
  "packages": {
    "": {
      "dependencies": {
        "@selectize/selectize": "^0.15.2"
      }
    },
    "node_modules/@selectize/selectize": {
      "version": "0.15.2",
      "resolved": "https://registry.npmjs.org/@selectize/selectize/-/selectize-0.15.2.tgz",
      "integrity": "sha512-gY+yzYfrVTc+1ekCAaEtDvN59+upbibFzhkePyyk6PwOXT6kEb05azGA91/w3C/71lUOHPyd3nzLnfyfuRi+pA==",
      "engines": {
        "node": "*"
      },
      "optionalDependencies": {
        "jquery-ui": "^1.13.2"
      },
      "peerDependencies": {
        "jquery": "^1.7.0 || ^2 || ^3"
      }
    },
    "node_modules/jquery": {
      "version": "3.7.1",
      "resolved": "https://registry.npmjs.org/jquery/-/jquery-3.7.1.tgz",
      "integrity": "sha512-m4avr8yL8kmFN8psrbFFFmB/If14iN5o9nw/NgnnM+kybDJpRsAynV2BsfpTYrTRysYUdADVD7CkUUizgkpLfg=="
    },
    "node_modules/jquery-ui": {
      "version": "1.13.3",
      "resolved": "https://registry.npmjs.org/jquery-ui/-/jquery-ui-1.13.3.tgz",
      "integrity": "sha512-D2YJfswSJRh/B8M/zCowDpNFfwsDmtfnMPwjJTyvl+CBqzpYwQ+gFYIbUUlzijy/Qvoy30H1YhoSui4MNYpRwA==",
      "optional": true,
      "dependencies": {
        "jquery": ">=1.8.0 <4.0.0"
      }
    }
  },
  "dependencies": {
    "@selectize/selectize": {
      "version": "0.15.2",
      "resolved": "https://registry.npmjs.org/@selectize/selectize/-/selectize-0.15.2.tgz",
      "integrity": "sha512-gY+yzYfrVTc+1ekCAaEtDvN59+upbibFzhkePyyk6PwOXT6kEb05azGA91/w3C/71lUOHPyd3nzLnfyfuRi+pA==",
      "requires": {
        "jquery-ui": "^1.13.2"
      }
    },
    "jquery": {
      "version": "3.7.1",
      "resolved": "https://registry.npmjs.org/jquery/-/jquery-3.7.1.tgz",
      "integrity": "sha512-m4avr8yL8kmFN8psrbFFFmB/If14iN5o9nw/NgnnM+kybDJpRsAynV2BsfpTYrTRysYUdADVD7CkUUizgkpLfg=="
    },
    "jquery-ui": {
      "version": "1.13.3",
      "resolved": "https://registry.npmjs.org/jquery-ui/-/jquery-ui-1.13.3.tgz",
      "integrity": "sha512-D2YJfswSJRh/B8M/zCowDpNFfwsDmtfnMPwjJTyvl+CBqzpYwQ+gFYIbUUlzijy/Qvoy30H1YhoSui4MNYpRwA==",
      "optional": true,
      "requires": {
        "jquery": ">=1.8.0 <4.0.0"
      }
    }
  }
}
